{
  "name": "miniprogram",
  "lockfileVersion": 3,
  "requires": true,
  "packages": {
    "": {
      "dependencies": {
        "@cloudbase/wx-cloud-client-sdk": "^1.8.2"
      }
    },
    "node_modules/@cloudbase/adapter-interface": {
      "version": "0.7.1",
      "resolved": "https://registry.npmjs.org/@cloudbase/adapter-interface/-/adapter-interface-0.7.1.tgz",
      "integrity": "sha512-BjHTAvIMSLxbp26SeT6qLiSSBygz3kAVno/PMwwBwjgzVkVUvuZGVcvf1mhHxY/BjdRGLrd6X60OgvymV/aAUw==",
      "license": "ISC"
    },
    "node_modules/@cloudbase/adapter-wx_mp": {
      "version": "1.2.1",
      "resolved": "https://registry.npmjs.org/@cloudbase/adapter-wx_mp/-/adapter-wx_mp-1.2.1.tgz",
      "integrity": "sha512-Ner/G4Dztw8xzVdPxWrK7+V2T3XeiPosBJPA/Ek/HNBGI3QvJ9guiWK0qT0d1Fyy8VphZMA0lRC+BJvVeBFAng==",
      "license": "ISC",
      "dependencies": {
        "@cloudbase/adapter-interface": "^0.7.1",
        "web-streams-polyfill": "^4.0.0"
      }
    },
    "node_modules/@cloudbase/auth": {
      "version": "2.25.2",
      "resolved": "https://registry.npmjs.org/@cloudbase/auth/-/auth-2.25.2.tgz",
      "integrity": "sha512-RkF9cfjyyLffVVwS+/LR2pYQiPFfbaYCms/nz59PxSnG45MQ/niqY2C9Ed2n25UIynRcS/UE+jQzfs24fTFosA==",
      "license": "Apache-2.0",
      "dependencies": {
        "@cloudbase/adapter-wx_mp": "^1.2.1",
        "@cloudbase/oauth": "2.25.2",
        "@cloudbase/utilities": "2.25.2"
      }
    },
    "node_modules/@cloudbase/oauth": {
      "version": "2.25.2",
      "resolved": "https://registry.npmjs.org/@cloudbase/oauth/-/oauth-2.25.2.tgz",
      "integrity": "sha512-f1HX5YLhNo3lX1VTpTsZcjEPqphw1J29LBTrCtvX6Wswa9JvL9iWtJyfy9BATCA7RzUldLpDLeIFIJZdiNfalw==",
      "license": "Apache-2.0",
      "dependencies": {
        "@cloudbase/utilities": "2.25.2"
      },
      "peerDependencies": {
        "@cloudbase/utilities": "2.25.0"
      }
    },
    "node_modules/@cloudbase/types": {
      "version": "2.25.2",
      "resolved": "https://registry.npmjs.org/@cloudbase/types/-/types-2.25.2.tgz",
      "integrity": "sha512-e/L3swPdJiLMsOYL88JnxKAaF7UuT4hZEdnjXLeE0TtkARRpMjkGHFzz6DEHA8DOfwcFBfmXdeD1yI7LdgmOGg==",
      "license": "Apache-2.0",
      "dependencies": {
        "@cloudbase/adapter-interface": "^0.7.1"
      }
    },
    "node_modules/@cloudbase/utilities": {
      "version": "2.25.2",
      "resolved": "https://registry.npmjs.org/@cloudbase/utilities/-/utilities-2.25.2.tgz",
      "integrity": "sha512-s8+DG5H4+C5zxf61+fUlAX5e6OfSrIo4kklSRz5mPJYlrFSmhvkNxTcI9CaGA4/ZeQO34cVx1yA0bj0Rkz8m0Q==",
      "license": "Apache-2.0",
      "dependencies": {
        "@cloudbase/adapter-interface": "^0.7.1",
        "@cloudbase/types": "2.25.2",
        "jwt-decode": "^3.1.2"
      }
    },
    "node_modules/@cloudbase/wx-cloud-client-sdk": {
      "version": "1.8.2",
      "resolved": "https://registry.npmjs.org/@cloudbase/wx-cloud-client-sdk/-/wx-cloud-client-sdk-1.8.2.tgz",
      "integrity": "sha512-MsHVkV8rcIQCXB8CrFNMRKZF6fPNLTvZUXsmUrIHj+ZvuL/hIHz6aLbHRfzs+xi2UwaotDsBda3KbLTLA3yudw==",
      "dependencies": {
        "@cloudbase/auth": "^2.25.2",
        "core-js-pure": "^3.45.0"
      }
    },
    "node_modules/core-js-pure": {
      "version": "3.48.0",
      "resolved": "https://registry.npmjs.org/core-js-pure/-/core-js-pure-3.48.0.tgz",
      "integrity": "sha512-1slJgk89tWC51HQ1AEqG+s2VuwpTRr8ocu4n20QUcH1v9lAN0RXen0Q0AABa/DK1I7RrNWLucplOHMx8hfTGTw==",
      "hasInstallScript": true,
      "license": "MIT",
      "funding": {
        "type": "opencollective",
        "url": "https://opencollective.com/core-js"
      }
    },
    "node_modules/jwt-decode": {
      "version": "3.1.2",
      "resolved": "https://registry.npmjs.org/jwt-decode/-/jwt-decode-3.1.2.tgz",
      "integrity": "sha512-UfpWE/VZn0iP50d8cz9NrZLM9lSWhcJ+0Gt/nm4by88UL+J1SiKN8/5dkjMmbEzwL2CAe+67GsegCbIKtbp75A==",
      "license": "MIT"
    },
    "node_modules/web-streams-polyfill": {
      "version": "4.2.0",
      "resolved": "https://registry.npmjs.org/web-streams-polyfill/-/web-streams-polyfill-4.2.0.tgz",
      "integrity": "sha512-0rYDzGOh9EZpig92umN5g5D/9A1Kff7k0/mzPSSCY8jEQeYkgRMoY7LhbXtUCWzLCMX0TUE9aoHkjFNB7D9pfA==",
      "license": "MIT",
      "workspaces": [
        "test/benchmark-test",
        "test/rollup-test",
        "test/webpack-test"
      ],
      "engines": {
        "node": ">= 8"
      }
    }
  }
}
